
Microsoft Visual Studio Solution File, Format Version 12.00
Project("{FAE04EC0-301F-11D3-BF4B-00C04F79EFBC}") = "HotReloadDemo", "HotReloadDemo.csproj", "{516F1183-1E59-4C43-B534-116545C059D7}"
EndProject
Global
	GlobalSection(SolutionConfigurationPlatforms) = preSolution
		Debug|Any CPU = Debug|Any CPU
		Release|Any CPU = Release|Any CPU
	EndGlobalSection
	GlobalSection(ProjectConfigurationPlatforms) = postSolution
		{516F1183-1E59-4C43-B534-116545C059D7}.Debug|Any CPU.ActiveCfg = Debug|Any CPU
		{516F1183-1E59-4C43-B534-116545C059D7}.Debug|Any CPU.Build.0 = Debug|Any CPU
		{516F1183-1E59-4C43-B534-116545C059D7}.Release|Any CPU.ActiveCfg = Release|Any CPU
		{516F1183-1E59-4C43-B534-116545C059D7}.Release|Any CPU.Build.0 = Release|Any CPU
	EndGlobalSection
EndGlobal
